
Microsoft Visual Studio Solution File, Format Version 12.00
# Visual Studio 15
VisualStudioVersion = 15.0.28307.421
MinimumVisualStudioVersion = 10.0.40219.1
Project("{FAE04EC0-301F-11D3-BF4B-00C04F79EFBC}") = "WEB", "WEB\WEB.csproj", "{804D4516-9BE6-4DEB-B0D1-5C68781FEB4C}"
EndProject
Global
	GlobalSection(SolutionConfigurationPlatforms) = preSolution
		Debug|Any CPU = Debug|Any CPU
		DebugLocal|Any CPU = DebugLocal|Any CPU
		Release|Any CPU = Release|Any CPU
	EndGlobalSection
	GlobalSection(ProjectConfigurationPlatforms) = postSolution
		{804D4516-9BE6-4DEB-B0D1-5C68781FEB4C}.Debug|Any CPU.ActiveCfg = Debug|Any CPU
		{804D4516-9BE6-4DEB-B0D1-5C68781FEB4C}.Debug|Any CPU.Build.0 = Debug|Any CPU
		{804D4516-9BE6-4DEB-B0D1-5C68781FEB4C}.DebugLocal|Any CPU.ActiveCfg = Debug|Any CPU
		{804D4516-9BE6-4DEB-B0D1-5C68781FEB4C}.DebugLocal|Any CPU.Build.0 = Debug|Any CPU
		{804D4516-9BE6-4DEB-B0D1-5C68781FEB4C}.Release|Any CPU.ActiveCfg = Release|Any CPU
		{804D4516-9BE6-4DEB-B0D1-5C68781FEB4C}.Release|Any CPU.Build.0 = Release|Any CPU
	EndGlobalSection
	GlobalSection(SolutionProperties) = preSolution
		HideSolutionNode = FALSE
	EndGlobalSection
	GlobalSection(ExtensibilityGlobals) = postSolution
		SolutionGuid = {499260A9-7E8E-4384-BEC0-11EDB89A3571}
	EndGlobalSection
EndGlobal
